
Microsoft Visual Studio Solution File, Format Version 12.00
# Visual Studio Version 16
VisualStudioVersion = 16.0.29806.167
MinimumVisualStudioVersion = 10.0.40219.1
Project("{9A19103F-16F7-4668-BE54-9A1E7A4F7556}") = "OpenFM API Crawler", "OpenFM API Crawler\OpenFM API Crawler.csproj", "{38C8B705-AF04-4E09-9117-BCAA9683E7F0}"
EndProject
Project("{FAE04EC0-301F-11D3-BF4B-00C04F79EFBC}") = "OpenFM Results Viewer", "OpenFM Results Viewer\OpenFM Results Viewer.csproj", "{B4753F87-1111-4FDC-B06E-531AE7D497BE}"
EndProject
Project("{FAE04EC0-301F-11D3-BF4B-00C04F79EFBC}") = "OpenFM WPF Results Viewer", "OpenFM WPF Results Viewer\OpenFM WPF Results Viewer.csproj", "{DDCF56B4-CF9C-4340-AF71-A893438F8B6C}"
EndProject
Project("{9A19103F-16F7-4668-BE54-9A1E7A4F7556}") = "SharedModels", "SharedModels\SharedModels.csproj", "{84C34A44-661B-47AA-BDF4-3DE86F5AD5C1}"
EndProject
Global
	GlobalSection(SolutionConfigurationPlatforms) = preSolution
		Debug|Any CPU = Debug|Any CPU
		Release|Any CPU = Release|Any CPU
	EndGlobalSection
	GlobalSection(ProjectConfigurationPlatforms) = postSolution
		{38C8B705-AF04-4E09-9117-BCAA9683E7F0}.Debug|Any CPU.ActiveCfg = Debug|Any CPU
		{38C8B705-AF04-4E09-9117-BCAA9683E7F0}.Debug|Any CPU.Build.0 = Debug|Any CPU
		{38C8B705-AF04-4E09-9117-BCAA9683E7F0}.Release|Any CPU.ActiveCfg = Release|Any CPU
		{38C8B705-AF04-4E09-9117-BCAA9683E7F0}.Release|Any CPU.Build.0 = Release|Any CPU
		{B4753F87-1111-4FDC-B06E-531AE7D497BE}.Debug|Any CPU.ActiveCfg = Debug|Any CPU
		{B4753F87-1111-4FDC-B06E-531AE7D497BE}.Debug|Any CPU.Build.0 = Debug|Any CPU
		{B4753F87-1111-4FDC-B06E-531AE7D497BE}.Release|Any CPU.ActiveCfg = Release|Any CPU
		{B4753F87-1111-4FDC-B06E-531AE7D497BE}.Release|Any CPU.Build.0 = Release|Any CPU
		{DDCF56B4-CF9C-4340-AF71-A893438F8B6C}.Debug|Any CPU.ActiveCfg = Debug|Any CPU
		{DDCF56B4-CF9C-4340-AF71-A893438F8B6C}.Debug|Any CPU.Build.0 = Debug|Any CPU
		{DDCF56B4-CF9C-4340-AF71-A893438F8B6C}.Release|Any CPU.ActiveCfg = Release|Any CPU
		{DDCF56B4-CF9C-4340-AF71-A893438F8B6C}.Release|Any CPU.Build.0 = Release|Any CPU
		{84C34A44-661B-47AA-BDF4-3DE86F5AD5C1}.Debug|Any CPU.ActiveCfg = Debug|Any CPU
		{84C34A44-661B-47AA-BDF4-3DE86F5AD5C1}.Debug|Any CPU.Build.0 = Debug|Any CPU
		{84C34A44-661B-47AA-BDF4-3DE86F5AD5C1}.Release|Any CPU.ActiveCfg = Release|Any CPU
		{84C34A44-661B-47AA-BDF4-3DE86F5AD5C1}.Release|Any CPU.Build.0 = Release|Any CPU
	EndGlobalSection
	GlobalSection(SolutionProperties) = preSolution
		HideSolutionNode = FALSE
	EndGlobalSection
	GlobalSection(ExtensibilityGlobals) = postSolution
		SolutionGuid = {8CDF9EBD-5494-4F39-AFD4-B3DA001764DA}
	EndGlobalSection
EndGlobal
